
Microsoft Visual Studio Solution File, Format Version 12.00
# Visual Studio Version 16
VisualStudioVersion = 16.0.31424.327
MinimumVisualStudioVersion = 10.0.40219.1
Project("{8BC9CEB8-8B4A-11D0-8D11-00A0C91BC942}") = "Client", "Client\Client.vcxproj", "{3334A61E-F2B3-40E7-B342-8BC3A31A83A0}"
EndProject
Project("{8BC9CEB8-8B4A-11D0-8D11-00A0C91BC942}") = "Server", "Server\Server.vcxproj", "{287E0E0E-B8F0-431D-A1DD-8960E475C3ED}"
EndProject
Global
	GlobalSection(SolutionConfigurationPlatforms) = preSolution
		Debug|x64 = Debug|x64
		Debug|x86 = Debug|x86
		Release|x64 = Release|x64
		Release|x86 = Release|x86
	EndGlobalSection
	GlobalSection(ProjectConfigurationPlatforms) = postSolution
		{3334A61E-F2B3-40E7-B342-8BC3A31A83A0}.Debug|x64.ActiveCfg = Debug|x64
		{3334A61E-F2B3-40E7-B342-8BC3A31A83A0}.Debug|x64.Build.0 = Debug|x64
		{3334A61E-F2B3-40E7-B342-8BC3A31A83A0}.Debug|x86.ActiveCfg = Debug|Win32
		{3334A61E-F2B3-40E7-B342-8BC3A31A83A0}.Debug|x86.Build.0 = Debug|Win32
		{3334A61E-F2B3-40E7-B342-8BC3A31A83A0}.Release|x64.ActiveCfg = Release|x64
		{3334A61E-F2B3-40E7-B342-8BC3A31A83A0}.Release|x64.Build.0 = Release|x64
		{3334A61E-F2B3-40E7-B342-8BC3A31A83A0}.Release|x86.ActiveCfg = Release|Win32
		{3334A61E-F2B3-40E7-B342-8BC3A31A83A0}.Release|x86.Build.0 = Release|Win32
		{287E0E0E-B8F0-431D-A1DD-8960E475C3ED}.Debug|x64.ActiveCfg = Debug|x64
		{287E0E0E-B8F0-431D-A1DD-8960E475C3ED}.Debug|x64.Build.0 = Debug|x64
		{287E0E0E-B8F0-431D-A1DD-8960E475C3ED}.Debug|x86.ActiveCfg = Debug|Win32
		{287E0E0E-B8F0-431D-A1DD-8960E475C3ED}.Debug|x86.Build.0 = Debug|Win32
		{287E0E0E-B8F0-431D-A1DD-8960E475C3ED}.Release|x64.ActiveCfg = Release|x64
		{287E0E0E-B8F0-431D-A1DD-8960E475C3ED}.Release|x64.Build.0 = Release|x64
		{287E0E0E-B8F0-431D-A1DD-8960E475C3ED}.Release|x86.ActiveCfg = Release|Win32
		{287E0E0E-B8F0-431D-A1DD-8960E475C3ED}.Release|x86.Build.0 = Release|Win32
	EndGlobalSection
	GlobalSection(SolutionProperties) = preSolution
		HideSolutionNode = FALSE
	EndGlobalSection
	GlobalSection(ExtensibilityGlobals) = postSolution
		SolutionGuid = {C9DF09DC-F19D-43D2-AC4A-90BA2388F061}
	EndGlobalSection
EndGlobal
